
Microsoft Visual Studio Solution File, Format Version 12.00
# Visual Studio Version 17
VisualStudioVersion = 17.14.36301.6 d17.14
MinimumVisualStudioVersion = 10.0.40219.1
Project("{FAE04EC0-301F-11D3-BF4B-00C04F79EFBC}") = "SimpleDataGrid", "SimpleDataGrid\SimpleDataGrid.csproj", "{71B53291-75B2-4B5E-91B1-245E611AB4EA}"
EndProject
Project("{FAE04EC0-301F-11D3-BF4B-00C04F79EFBC}") = "SimpleDataGrid.Tests", "SimpleDataGrid.Tests\SimpleDataGrid.Tests.csproj", "{6CB54D0C-857F-46FB-8A0D-5719DC0718BA}"
EndProject
Global
	GlobalSection(SolutionConfigurationPlatforms) = preSolution
		Debug|Any CPU = Debug|Any CPU
		Release|Any CPU = Release|Any CPU
	EndGlobalSection
	GlobalSection(ProjectConfigurationPlatforms) = postSolution
		{71B53291-75B2-4B5E-91B1-245E611AB4EA}.Debug|Any CPU.ActiveCfg = Debug|Any CPU
		{71B53291-75B2-4B5E-91B1-245E611AB4EA}.Debug|Any CPU.Build.0 = Debug|Any CPU
		{71B53291-75B2-4B5E-91B1-245E611AB4EA}.Release|Any CPU.ActiveCfg = Release|Any CPU
		{71B53291-75B2-4B5E-91B1-245E611AB4EA}.Release|Any CPU.Build.0 = Release|Any CPU
		{6CB54D0C-857F-46FB-8A0D-5719DC0718BA}.Debug|Any CPU.ActiveCfg = Debug|Any CPU
		{6CB54D0C-857F-46FB-8A0D-5719DC0718BA}.Debug|Any CPU.Build.0 = Debug|Any CPU
		{6CB54D0C-857F-46FB-8A0D-5719DC0718BA}.Release|Any CPU.ActiveCfg = Release|Any CPU
		{6CB54D0C-857F-46FB-8A0D-5719DC0718BA}.Release|Any CPU.Build.0 = Release|Any CPU
	EndGlobalSection
	GlobalSection(SolutionProperties) = preSolution
		HideSolutionNode = FALSE
	EndGlobalSection
	GlobalSection(ExtensibilityGlobals) = postSolution
		SolutionGuid = {8B781704-E947-45EF-8229-BAEC102FE858}
	EndGlobalSection
EndGlobal
